Microsoft Visual Studio Solution File, Format Version 12.00
# Visual Studio Version 17
VisualStudioVersion = 17.5.2.0
MinimumVisualStudioVersion = 10.0.40219.1
Project("{FAE04EC0-301F-11D3-BF4B-00C04F79EFBC}") = "niceapi-sales", "src\niceapi-sales.csproj", "{F3CB54AA-016D-5D76-3592-9808D70B5774}"
EndProject
Project("{2150E333-8FDC-42A3-9474-1A3956D46DE8}") = "test", "test", "{0C88DD14-F956-CE84-757C-A364CCF449FC}"
EndProject
Project("{FAE04EC0-301F-11D3-BF4B-00C04F79EFBC}") = "niceapi-sales.Tests", "test\niceapi-sales.Tests\niceapi-sales.Tests.csproj", "{31AF9462-E0EC-44C7-CB53-A094AEBAE785}"
EndProject
Global
	GlobalSection(SolutionConfigurationPlatforms) = preSolution
		Debug|Any CPU = Debug|Any CPU
		Release|Any CPU = Release|Any CPU
	EndGlobalSection
	GlobalSection(ProjectConfigurationPlatforms) = postSolution
		{F3CB54AA-016D-5D76-3592-9808D70B5774}.Debug|Any CPU.ActiveCfg = Debug|Any CPU
		{F3CB54AA-016D-5D76-3592-9808D70B5774}.Debug|Any CPU.Build.0 = Debug|Any CPU
		{F3CB54AA-016D-5D76-3592-9808D70B5774}.Release|Any CPU.ActiveCfg = Release|Any CPU
		{F3CB54AA-016D-5D76-3592-9808D70B5774}.Release|Any CPU.Build.0 = Release|Any CPU
		{31AF9462-E0EC-44C7-CB53-A094AEBAE785}.Debug|Any CPU.ActiveCfg = Debug|Any CPU
		{31AF9462-E0EC-44C7-CB53-A094AEBAE785}.Debug|Any CPU.Build.0 = Debug|Any CPU
		{31AF9462-E0EC-44C7-CB53-A094AEBAE785}.Release|Any CPU.ActiveCfg = Release|Any CPU
		{31AF9462-E0EC-44C7-CB53-A094AEBAE785}.Release|Any CPU.Build.0 = Release|Any CPU
	EndGlobalSection
	GlobalSection(SolutionProperties) = preSolution
		HideSolutionNode = FALSE
	EndGlobalSection
	GlobalSection(NestedProjects) = preSolution
		{31AF9462-E0EC-44C7-CB53-A094AEBAE785} = {0C88DD14-F956-CE84-757C-A364CCF449FC}
	EndGlobalSection
	GlobalSection(ExtensibilityGlobals) = postSolution
		SolutionGuid = {981F23BC-8702-4D68-B1EE-00F379F02D8E}
	EndGlobalSection
EndGlobal
